
Microsoft Visual Studio Solution File, Format Version 12.00
# Visual Studio Version 16
VisualStudioVersion = 16.0.31321.278
MinimumVisualStudioVersion = 10.0.40219.1
Project("{FAE04EC0-301F-11D3-BF4B-00C04F79EFBC}") = "NoDockerWeb", "NoDockerWeb\NoDockerWeb.csproj", "{17229CB9-CF70-4DF7-8352-E480449DD617}"
EndProject
Global
	GlobalSection(SolutionConfigurationPlatforms) = preSolution
		Debug|Any CPU = Debug|Any CPU
		Release|Any CPU = Release|Any CPU
	EndGlobalSection
	GlobalSection(ProjectConfigurationPlatforms) = postSolution
		{17229CB9-CF70-4DF7-8352-E480449DD617}.Debug|Any CPU.ActiveCfg = Debug|Any CPU
		{17229CB9-CF70-4DF7-8352-E480449DD617}.Debug|Any CPU.Build.0 = Debug|Any CPU
		{17229CB9-CF70-4DF7-8352-E480449DD617}.Release|Any CPU.ActiveCfg = Release|Any CPU
		{17229CB9-CF70-4DF7-8352-E480449DD617}.Release|Any CPU.Build.0 = Release|Any CPU
	EndGlobalSection
	GlobalSection(SolutionProperties) = preSolution
		HideSolutionNode = FALSE
	EndGlobalSection
	GlobalSection(ExtensibilityGlobals) = postSolution
		SolutionGuid = {741D95C0-B8FD-4380-8AB5-816656DC8830}
	EndGlobalSection
EndGlobal
